
Microsoft Visual Studio Solution File, Format Version 12.00
# Visual Studio Version 17
VisualStudioVersion = 17.9.34622.214
MinimumVisualStudioVersion = 10.0.40219.1
Project("{FAE04EC0-301F-11D3-BF4B-00C04F79EFBC}") = "ecoMeet API", "ecoMeet API\ecoMeet API.csproj", "{CA571FAA-6583-4AEF-9084-E7A3F2DD16FE}"
EndProject
Global
	GlobalSection(SolutionConfigurationPlatforms) = preSolution
		Debug|Any CPU = Debug|Any CPU
		Release|Any CPU = Release|Any CPU
	EndGlobalSection
	GlobalSection(ProjectConfigurationPlatforms) = postSolution
		{CA571FAA-6583-4AEF-9084-E7A3F2DD16FE}.Debug|Any CPU.ActiveCfg = Debug|Any CPU
		{CA571FAA-6583-4AEF-9084-E7A3F2DD16FE}.Debug|Any CPU.Build.0 = Debug|Any CPU
		{CA571FAA-6583-4AEF-9084-E7A3F2DD16FE}.Release|Any CPU.ActiveCfg = Release|Any CPU
		{CA571FAA-6583-4AEF-9084-E7A3F2DD16FE}.Release|Any CPU.Build.0 = Release|Any CPU
	EndGlobalSection
	GlobalSection(SolutionProperties) = preSolution
		HideSolutionNode = FALSE
	EndGlobalSection
	GlobalSection(ExtensibilityGlobals) = postSolution
		SolutionGuid = {1A41C6ED-F88E-4E98-A1E5-1FE5D86D7267}
	EndGlobalSection
EndGlobal
